// !$*UTF8*$!
{
	archiveVersion = 1;
	classes = {
	};
	objectVersion = 56;
	objects = {

/* Begin PBXBuildFile section */
		F411ABDA2AE818E6001AC08B /* WorkingWithGlennApp.swift in Sources */ = {isa = PBXBuildFile; fileRef = F411ABD92AE818E6001AC08B /* WorkingWithGlennApp.swift */; };
		F411ABDC2AE818E6001AC08B /* ContentView.swift in Sources */ = {isa = PBXBuildFile; fileRef = F411ABDB2AE818E6001AC08B /* ContentView.swift */; };
		F411ABDE2AE818E7001AC08B /* Assets.xcassets in Resources */ = {isa = PBXBuildFile; fileRef = F411ABDD2AE818E7001AC08B /* Assets.xcassets */; };
		F411ABE12AE818E7001AC08B /* Preview Assets.xcassets in Resources */ = {isa = PBXBuildFile; fileRef = F411ABE02AE818E7001AC08B /* Preview Assets.xcassets */; };
		F411ABEB2AE818E7001AC08B /* WorkingWithGlennTests.swift in Sources */ = {isa = PBXBuildFile; fileRef = F411ABEA2AE818E7001AC08B /* WorkingWithGlennTests.swift */; };
		F411ABF52AE818E7001AC08B /* WorkingWithGlennUITests.swift in Sources */ = {isa = PBXBuildFile; fileRef = F411ABF42AE818E7001AC08B /* WorkingWithGlennUITests.swift */; };
		F411ABF72AE818E7001AC08B /* WorkingWithGlennUITestsLaunchTests.swift in Sources */ = {isa = PBXBuildFile; fileRef = F411ABF62AE818E7001AC08B /* WorkingWithGlennUITestsLaunchTests.swift */; };
		F411AC072AE81FF5001AC08B /* FirebaseAnalytics in Frameworks */ = {isa = PBXBuildFile; productRef = F411AC062AE81FF5001AC08B /* FirebaseAnalytics */; };
		F411AC092AE81FF5001AC08B /* FirebaseAnalyticsOnDeviceConversion in Frameworks */ = {isa = PBXBuildFile; productRef = F411AC082AE81FF5001AC08B /* FirebaseAnalyticsOnDeviceConversion */; };
		F411AC0B2AE81FF5001AC08B /* FirebaseAnalyticsSwift in Frameworks */ = {isa = PBXBuildFile; productRef = F411AC0A2AE81FF5001AC08B /* FirebaseAnalyticsSwift */; };
		F411AC0D2AE81FF5001AC08B /* FirebaseAnalyticsWithoutAdIdSupport in Frameworks */ = {isa = PBXBuildFile; productRef = F411AC0C2AE81FF5001AC08B /* FirebaseAnalyticsWithoutAdIdSupport */; };
		F411AC0F2AE81FF5001AC08B /* FirebaseAppCheck in Frameworks */ = {isa = PBXBuildFile; productRef = F411AC0E2AE81FF5001AC08B /* FirebaseAppCheck */; };
		F411AC112AE81FF5001AC08B /* FirebaseAppDistribution-Beta in Frameworks */ = {isa = PBXBuildFile; productRef = F411AC102AE81FF5001AC08B /* FirebaseAppDistribution-Beta */; };
		F411AC132AE81FF5001AC08B /* FirebaseAuth in Frameworks */ = {isa = PBXBuildFile; productRef = F411AC122AE81FF5001AC08B /* FirebaseAuth */; };
		F411AC152AE81FF5001AC08B /* FirebaseAuthCombine-Community in Frameworks */ = {isa = PBXBuildFile; productRef = F411AC142AE81FF5001AC08B /* FirebaseAuthCombine-Community */; };
		F411AC172AE81FF5001AC08B /* FirebaseCrashlytics in Frameworks */ = {isa = PBXBuildFile; productRef = F411AC162AE81FF5001AC08B /* FirebaseCrashlytics */; };
		F411AC192AE81FF5001AC08B /* FirebaseDatabase in Frameworks */ = {isa = PBXBuildFile; productRef = F411AC182AE81FF5001AC08B /* FirebaseDatabase */; };
		F411AC1B2AE81FF5001AC08B /* FirebaseDatabaseSwift in Frameworks */ = {isa = PBXBuildFile; productRef = F411AC1A2AE81FF5001AC08B /* FirebaseDatabaseSwift */; };
		F411AC1D2AE81FF5001AC08B /* FirebaseDynamicLinks in Frameworks */ = {isa = PBXBuildFile; productRef = F411AC1C2AE81FF5001AC08B /* FirebaseDynamicLinks */; };
		F411AC1F2AE81FF5001AC08B /* FirebaseFirestore in Frameworks */ = {isa = PBXBuildFile; productRef = F411AC1E2AE81FF5001AC08B /* FirebaseFirestore */; };
		F411AC212AE81FF5001AC08B /* FirebaseFirestoreCombine-Community in Frameworks */ = {isa = PBXBuildFile; productRef = F411AC202AE81FF5001AC08B /* FirebaseFirestoreCombine-Community */; };
		F411AC232AE81FF5001AC08B /* FirebaseFirestoreSwift in Frameworks */ = {isa = PBXBuildFile; productRef = F411AC222AE81FF5001AC08B /* FirebaseFirestoreSwift */; };
		F411AC252AE81FF5001AC08B /* FirebaseFunctions in Frameworks */ = {isa = PBXBuildFile; productRef = F411AC242AE81FF5001AC08B /* FirebaseFunctions */; };
		F411AC272AE81FF5001AC08B /* FirebaseFunctionsCombine-Community in Frameworks */ = {isa = PBXBuildFile; productRef = F411AC262AE81FF5001AC08B /* FirebaseFunctionsCombine-Community */; };
		F411AC292AE81FF5001AC08B /* FirebaseInAppMessaging-Beta in Frameworks */ = {isa = PBXBuildFile; productRef = F411AC282AE81FF5001AC08B /* FirebaseInAppMessaging-Beta */; };
		F411AC2B2AE81FF5001AC08B /* FirebaseInAppMessagingSwift-Beta in Frameworks */ = {isa = PBXBuildFile; productRef = F411AC2A2AE81FF5001AC08B /* FirebaseInAppMessagingSwift-Beta */; };
		F411AC2D2AE81FF5001AC08B /* FirebaseInstallations in Frameworks */ = {isa = PBXBuildFile; productRef = F411AC2C2AE81FF5001AC08B /* FirebaseInstallations */; };
		F411AC2F2AE81FF5001AC08B /* FirebaseMLModelDownloader in Frameworks */ = {isa = PBXBuildFile; productRef = F411AC2E2AE81FF5001AC08B /* FirebaseMLModelDownloader */; };
		F411AC312AE81FF5001AC08B /* FirebaseMessaging in Frameworks */ = {isa = PBXBuildFile; productRef = F411AC302AE81FF5001AC08B /* FirebaseMessaging */; };
		F411AC332AE81FF5001AC08B /* FirebasePerformance in Frameworks */ = {isa = PBXBuildFile; productRef = F411AC322AE81FF5001AC08B /* FirebasePerformance */; };
		F411AC352AE81FF5001AC08B /* FirebaseRemoteConfig in Frameworks */ = {isa = PBXBuildFile; productRef = F411AC342AE81FF5001AC08B /* FirebaseRemoteConfig */; };
		F411AC372AE81FF5001AC08B /* FirebaseRemoteConfigSwift in Frameworks */ = {isa = PBXBuildFile; productRef = F411AC362AE81FF5001AC08B /* FirebaseRemoteConfigSwift */; };
		F411AC392AE81FF5001AC08B /* FirebaseStorage in Frameworks */ = {isa = PBXBuildFile; productRef = F411AC382AE81FF5001AC08B /* FirebaseStorage */; };
		F411AC3B2AE81FF5001AC08B /* FirebaseStorageCombine-Community in Frameworks */ = {isa = PBXBuildFile; productRef = F411AC3A2AE81FF5001AC08B /* FirebaseStorageCombine-Community */; };
		F411AC3D2AE82278001AC08B /* FoodRating.swift in Sources */ = {isa = PBXBuildFile; fileRef = F411AC3C2AE82278001AC08B /* FoodRating.swift */; };
		F43223192AF2A3FC00CA7B2D /* GoogleService-Info.plist in Resources */ = {isa = PBXBuildFile; fileRef = F43223182AF2A3FC00CA7B2D /* GoogleService-Info.plist */; };
		F432231A2AF2A3FC00CA7B2D /* GoogleService-Info.plist in Resources */ = {isa = PBXBuildFile; fileRef = F43223182AF2A3FC00CA7B2D /* GoogleService-Info.plist */; };
		F432231B2AF2A3FC00CA7B2D /* GoogleService-Info.plist in Resources */ = {isa = PBXBuildFile; fileRef = F43223182AF2A3FC00CA7B2D /* GoogleService-Info.plist */; };
		F4810F782AEABF5A00E5EBF6 /* ViewModel.swift in Sources */ = {isa = PBXBuildFile; fileRef = F4810F772AEABF5A00E5EBF6 /* ViewModel.swift */; };
/* End PBXBuildFile section */

/* Begin PBXContainerItemProxy section */
		F411ABE72AE818E7001AC08B /* PBXContainerItemProxy */ = {
			isa = PBXContainerItemProxy;
			containerPortal = F411ABCE2AE818E6001AC08B /* Project object */;
			proxyType = 1;
			remoteGlobalIDString = F411ABD52AE818E6001AC08B;
			remoteInfo = WorkingWithGlenn;
		};
		F411ABF12AE818E7001AC08B /* PBXContainerItemProxy */ = {
			isa = PBXContainerItemProxy;
			containerPortal = F411ABCE2AE818E6001AC08B /* Project object */;
			proxyType = 1;
			remoteGlobalIDString = F411ABD52AE818E6001AC08B;
			remoteInfo = WorkingWithGlenn;
		};
/* End PBXContainerItemProxy section */

/* Begin PBXFileReference section */
		F411ABD62AE818E6001AC08B /* WorkingWithGlenn.app */ = {isa = PBXFileReference; explicitFileType = wrapper.application; includeInIndex = 0; path = WorkingWithGlenn.app; sourceTree = BUILT_PRODUCTS_DIR; };
		F411ABD92AE818E6001AC08B /* WorkingWithGlennApp.swift */ = {isa = PBXFileReference; lastKnownFileType = sourcecode.swift; path = WorkingWithGlennApp.swift; sourceTree = "<group>"; };
		F411ABDB2AE818E6001AC08B /* ContentView.swift */ = {isa = PBXFileReference; lastKnownFileType = sourcecode.swift; path = ContentView.swift; sourceTree = "<group>"; };
		F411ABDD2AE818E7001AC08B /* Assets.xcassets */ = {isa = PBXFileReference; lastKnownFileType = folder.assetcatalog; path = Assets.xcassets; sourceTree = "<group>"; };
		F411ABE02AE818E7001AC08B /* Preview Assets.xcassets */ = {isa = PBXFileReference; lastKnownFileType = folder.assetcatalog; path = "Preview Assets.xcassets"; sourceTree = "<group>"; };
		F411ABE62AE818E7001AC08B /* WorkingWithGlennTests.xctest */ = {isa = PBXFileReference; explicitFileType = wrapper.cfbundle; includeInIndex = 0; path = WorkingWithGlennTests.xctest; sourceTree = BUILT_PRODUCTS_DIR; };
		F411ABEA2AE818E7001AC08B /* WorkingWithGlennTests.swift */ = {isa = PBXFileReference; lastKnownFileType = sourcecode.swift; path = WorkingWithGlennTests.swift; sourceTree = "<group>"; };
		F411ABF02AE818E7001AC08B /* WorkingWithGlennUITests.xctest */ = {isa = PBXFileReference; explicitFileType = wrapper.cfbundle; includeInIndex = 0; path = WorkingWithGlennUITests.xctest; sourceTree = BUILT_PRODUCTS_DIR; };
		F411ABF42AE818E7001AC08B /* WorkingWithGlennUITests.swift */ = {isa = PBXFileReference; lastKnownFileType = sourcecode.swift; path = WorkingWithGlennUITests.swift; sourceTree = "<group>"; };
		F411ABF62AE818E7001AC08B /* WorkingWithGlennUITestsLaunchTests.swift */ = {isa = PBXFileReference; lastKnownFileType = sourcecode.swift; path = WorkingWithGlennUITestsLaunchTests.swift; sourceTree = "<group>"; };
		F411AC3C2AE82278001AC08B /* FoodRating.swift */ = {isa = PBXFileReference; lastKnownFileType = sourcecode.swift; path = FoodRating.swift; sourceTree = "<group>"; };
		F43223182AF2A3FC00CA7B2D /* GoogleService-Info.plist */ = {isa = PBXFileReference; fileEncoding = 4; lastKnownFileType = text.plist.xml; path = "GoogleService-Info.plist"; sourceTree = "<group>"; };
		F4810F772AEABF5A00E5EBF6 /* ViewModel.swift */ = {isa = PBXFileReference; lastKnownFileType = sourcecode.swift; path = ViewModel.swift; sourceTree = "<group>"; };
/* End PBXFileReference section */

/* Begin PBXFrameworksBuildPhase section */
		F411ABD32AE818E6001AC08B /* Frameworks */ = {
			isa = PBXFrameworksBuildPhase;
			buildActionMask = 2147483647;
			files = (
				F411AC192AE81FF5001AC08B /* FirebaseDatabase in Frameworks */,
				F411AC272AE81FF5001AC08B /* FirebaseFunctionsCombine-Community in Frameworks */,
				F411AC1F2AE81FF5001AC08B /* FirebaseFirestore in Frameworks */,
				F411AC0B2AE81FF5001AC08B /* FirebaseAnalyticsSwift in Frameworks */,
				F411AC072AE81FF5001AC08B /* FirebaseAnalytics in Frameworks */,
				F411AC092AE81FF5001AC08B /* FirebaseAnalyticsOnDeviceConversion in Frameworks */,
				F411AC2F2AE81FF5001AC08B /* FirebaseMLModelDownloader in Frameworks */,
				F411AC232AE81FF5001AC08B /* FirebaseFirestoreSwift in Frameworks */,
				F411AC0F2AE81FF5001AC08B /* FirebaseAppCheck in Frameworks */,
				F411AC0D2AE81FF5001AC08B /* FirebaseAnalyticsWithoutAdIdSupport in Frameworks */,
				F411AC132AE81FF5001AC08B /* FirebaseAuth in Frameworks */,
				F411AC172AE81FF5001AC08B /* FirebaseCrashlytics in Frameworks */,
				F411AC372AE81FF5001AC08B /* FirebaseRemoteConfigSwift in Frameworks */,
				F411AC292AE81FF5001AC08B /* FirebaseInAppMessaging-Beta in Frameworks */,
				F411AC1B2AE81FF5001AC08B /* FirebaseDatabaseSwift in Frameworks */,
				F411AC252AE81FF5001AC08B /* FirebaseFunctions in Frameworks */,
				F411AC3B2AE81FF5001AC08B /* FirebaseStorageCombine-Community in Frameworks */,
				F411AC352AE81FF5001AC08B /* FirebaseRemoteConfig in Frameworks */,
				F411AC112AE81FF5001AC08B /* FirebaseAppDistribution-Beta in Frameworks */,
				F411AC152AE81FF5001AC08B /* FirebaseAuthCombine-Community in Frameworks */,
				F411AC332AE81FF5001AC08B /* FirebasePerformance in Frameworks */,
				F411AC2B2AE81FF5001AC08B /* FirebaseInAppMessagingSwift-Beta in Frameworks */,
				F411AC392AE81FF5001AC08B /* FirebaseStorage in Frameworks */,
				F411AC1D2AE81FF5001AC08B /* FirebaseDynamicLinks in Frameworks */,
				F411AC212AE81FF5001AC08B /* FirebaseFirestoreCombine-Community in Frameworks */,
				F411AC312AE81FF5001AC08B /* FirebaseMessaging in Frameworks */,
				F411AC2D2AE81FF5001AC08B /* FirebaseInstallations in Frameworks */,
			);
			runOnlyForDeploymentPostprocessing = 0;
		};
		F411ABE32AE818E7001AC08B /* Frameworks */ = {
			isa = PBXFrameworksBuildPhase;
			buildActionMask = 2147483647;
			files = (
			);
			runOnlyForDeploymentPostprocessing = 0;
		};
		F411ABED2AE818E7001AC08B /* Frameworks */ = {
			isa = PBXFrameworksBuildPhase;
			buildActionMask = 2147483647;
			files = (
			);
			runOnlyForDeploymentPostprocessing = 0;
		};
/* End PBXFrameworksBuildPhase section */

/* Begin PBXGroup section */
		F411ABCD2AE818E6001AC08B = {
			isa = PBXGroup;
			children = (
				F411ABD82AE818E6001AC08B /* WorkingWithGlenn */,
				F411ABE92AE818E7001AC08B /* WorkingWithGlennTests */,
				F411ABF32AE818E7001AC08B /* WorkingWithGlennUITests */,
				F411ABD72AE818E6001AC08B /* Products */,
			);
			sourceTree = "<group>";
		};
		F411ABD72AE818E6001AC08B /* Products */ = {
			isa = PBXGroup;
			children = (
				F411ABD62AE818E6001AC08B /* WorkingWithGlenn.app */,
				F411ABE62AE818E7001AC08B /* WorkingWithGlennTests.xctest */,
				F411ABF02AE818E7001AC08B /* WorkingWithGlennUITests.xctest */,
			);
			name = Products;
			sourceTree = "<group>";
		};
		F411ABD82AE818E6001AC08B /* WorkingWithGlenn */ = {
			isa = PBXGroup;
			children = (
				F411AC3C2AE82278001AC08B /* FoodRating.swift */,
				F411ABD92AE818E6001AC08B /* WorkingWithGlennApp.swift */,
				F411ABDB2AE818E6001AC08B /* ContentView.swift */,
				F4810F772AEABF5A00E5EBF6 /* ViewModel.swift */,
				F43223182AF2A3FC00CA7B2D /* GoogleService-Info.plist */,
				F411ABDD2AE818E7001AC08B /* Assets.xcassets */,
				F411ABDF2AE818E7001AC08B /* Preview Content */,
			);
			path = WorkingWithGlenn;
			sourceTree = "<group>";
		};
		F411ABDF2AE818E7001AC08B /* Preview Content */ = {
			isa = PBXGroup;
			children = (
				F411ABE02AE818E7001AC08B /* Preview Assets.xcassets */,
			);
			path = "Preview Content";
			sourceTree = "<group>";
		};
		F411ABE92AE818E7001AC08B /* WorkingWithGlennTests */ = {
			isa = PBXGroup;
			children = (
				F411ABEA2AE818E7001AC08B /* WorkingWithGlennTests.swift */,
			);
			path = WorkingWithGlennTests;
			sourceTree = "<group>";
		};
		F411ABF32AE818E7001AC08B /* WorkingWithGlennUITests */ = {
			isa = PBXGroup;
			children = (
				F411ABF42AE818E7001AC08B /* WorkingWithGlennUITests.swift */,
				F411ABF62AE818E7001AC08B /* WorkingWithGlennUITestsLaunchTests.swift */,
			);
			path = WorkingWithGlennUITests;
			sourceTree = "<group>";
		};
/* End PBXGroup section */

/* Begin PBXNativeTarget section */
		F411ABD52AE818E6001AC08B /* WorkingWithGlenn */ = {
			isa = PBXNativeTarget;
			buildConfigurationList = F411ABFA2AE818E8001AC08B /* Build configuration list for PBXNativeTarget "WorkingWithGlenn" */;
			buildPhases = (
				F411ABD22AE818E6001AC08B /* Sources */,
				F411ABD32AE818E6001AC08B /* Frameworks */,
				F411ABD42AE818E6001AC08B /* Resources */,
			);
			buildRules = (
			);
			dependencies = (
			);
			name = WorkingWithGlenn;
			packageProductDependencies = (
				F411AC062AE81FF5001AC08B /* FirebaseAnalytics */,
				F411AC082AE81FF5001AC08B /* FirebaseAnalyticsOnDeviceConversion */,
				F411AC0A2AE81FF5001AC08B /* FirebaseAnalyticsSwift */,
				F411AC0C2AE81FF5001AC08B /* FirebaseAnalyticsWithoutAdIdSupport */,
				F411AC0E2AE81FF5001AC08B /* FirebaseAppCheck */,
				F411AC102AE81FF5001AC08B /* FirebaseAppDistribution-Beta */,
				F411AC122AE81FF5001AC08B /* FirebaseAuth */,
				F411AC142AE81FF5001AC08B /* FirebaseAuthCombine-Community */,
				F411AC162AE81FF5001AC08B /* FirebaseCrashlytics */,
				F411AC182AE81FF5001AC08B /* FirebaseDatabase */,
				F411AC1A2AE81FF5001AC08B /* FirebaseDatabaseSwift */,
				F411AC1C2AE81FF5001AC08B /* FirebaseDynamicLinks */,
				F411AC1E2AE81FF5001AC08B /* FirebaseFirestore */,
				F411AC202AE81FF5001AC08B /* FirebaseFirestoreCombine-Community */,
				F411AC222AE81FF5001AC08B /* FirebaseFirestoreSwift */,
				F411AC242AE81FF5001AC08B /* FirebaseFunctions */,
				F411AC262AE81FF5001AC08B /* FirebaseFunctionsCombine-Community */,
				F411AC282AE81FF5001AC08B /* FirebaseInAppMessaging-Beta */,
				F411AC2A2AE81FF5001AC08B /* FirebaseInAppMessagingSwift-Beta */,
				F411AC2C2AE81FF5001AC08B /* FirebaseInstallations */,
				F411AC2E2AE81FF5001AC08B /* FirebaseMLModelDownloader */,
				F411AC302AE81FF5001AC08B /* FirebaseMessaging */,
				F411AC322AE81FF5001AC08B /* FirebasePerformance */,
				F411AC342AE81FF5001AC08B /* FirebaseRemoteConfig */,
				F411AC362AE81FF5001AC08B /* FirebaseRemoteConfigSwift */,
				F411AC382AE81FF5001AC08B /* FirebaseStorage */,
				F411AC3A2AE81FF5001AC08B /* FirebaseStorageCombine-Community */,
			);
			productName = WorkingWithGlenn;
			productReference = F411ABD62AE818E6001AC08B /* WorkingWithGlenn.app */;
			productType = "com.apple.product-type.application";
		};
		F411ABE52AE818E7001AC08B /* WorkingWithGlennTests */ = {
			isa = PBXNativeTarget;
			buildConfigurationList = F411ABFD2AE818E8001AC08B /* Build configuration list for PBXNativeTarget "WorkingWithGlennTests" */;
			buildPhases = (
				F411ABE22AE818E7001AC08B /* Sources */,
				F411ABE32AE818E7001AC08B /* Frameworks */,
				F411ABE42AE818E7001AC08B /* Resources */,
			);
			buildRules = (
			);
			dependencies = (
				F411ABE82AE818E7001AC08B /* PBXTargetDependency */,
			);
			name = WorkingWithGlennTests;
			productName = WorkingWithGlennTests;
			productReference = F411ABE62AE818E7001AC08B /* WorkingWithGlennTests.xctest */;
			productType = "com.apple.product-type.bundle.unit-test";
		};
		F411ABEF2AE818E7001AC08B /* WorkingWithGlennUITests */ = {
			isa = PBXNativeTarget;
			buildConfigurationList = F411AC002AE818E8001AC08B /* Build configuration list for PBXNativeTarget "WorkingWithGlennUITests" */;
			buildPhases = (
				F411ABEC2AE818E7001AC08B /* Sources */,
				F411ABED2AE818E7001AC08B /* Frameworks */,
				F411ABEE2AE818E7001AC08B /* Resources */,
			);
			buildRules = (
			);
			dependencies = (
				F411ABF22AE818E7001AC08B /* PBXTargetDependency */,
			);
			name = WorkingWithGlennUITests;
			productName = WorkingWithGlennUITests;
			productReference = F411ABF02AE818E7001AC08B /* WorkingWithGlennUITests.xctest */;
			productType = "com.apple.product-type.bundle.ui-testing";
		};
/* End PBXNativeTarget section */

/* Begin PBXProject section */
		F411ABCE2AE818E6001AC08B /* Project object */ = {
			isa = PBXProject;
			attributes = {
				BuildIndependentTargetsInParallel = 1;
				LastSwiftUpdateCheck = 1430;
				LastUpgradeCheck = 1430;
				TargetAttributes = {
					F411ABD52AE818E6001AC08B = {
						CreatedOnToolsVersion = 14.3.1;
					};
					F411ABE52AE818E7001AC08B = {
						CreatedOnToolsVersion = 14.3.1;
						TestTargetID = F411ABD52AE818E6001AC08B;
					};
					F411ABEF2AE818E7001AC08B = {
						CreatedOnToolsVersion = 14.3.1;
						TestTargetID = F411ABD52AE818E6001AC08B;
					};
				};
			};
			buildConfigurationList = F411ABD12AE818E6001AC08B /* Build configuration list for PBXProject "WorkingWithGlenn" */;
			compatibilityVersion = "Xcode 14.0";
			developmentRegion = en;
			hasScannedForEncodings = 0;
			knownRegions = (
				en,
				Base,
			);
			mainGroup = F411ABCD2AE818E6001AC08B;
			packageReferences = (
				F411AC052AE81FF5001AC08B /* XCRemoteSwiftPackageReference "firebase-ios-sdk" */,
			);
			productRefGroup = F411ABD72AE818E6001AC08B /* Products */;
			projectDirPath = "";
			projectRoot = "";
			targets = (
				F411ABD52AE818E6001AC08B /* WorkingWithGlenn */,
				F411ABE52AE818E7001AC08B /* WorkingWithGlennTests */,
				F411ABEF2AE818E7001AC08B /* WorkingWithGlennUITests */,
			);
		};
/* End PBXProject section */

/* Begin PBXResourcesBuildPhase section */
		F411ABD42AE818E6001AC08B /* Resources */ = {
			isa = PBXResourcesBuildPhase;
			buildActionMask = 2147483647;
			files = (
				F411ABE12AE818E7001AC08B /* Preview Assets.xcassets in Resources */,
				F43223192AF2A3FC00CA7B2D /* GoogleService-Info.plist in Resources */,
				F411ABDE2AE818E7001AC08B /* Assets.xcassets in Resources */,
			);
			runOnlyForDeploymentPostprocessing = 0;
		};
		F411ABE42AE818E7001AC08B /* Resources */ = {
			isa = PBXResourcesBuildPhase;
			buildActionMask = 2147483647;
			files = (
				F432231A2AF2A3FC00CA7B2D /* GoogleService-Info.plist in Resources */,
			);
			runOnlyForDeploymentPostprocessing = 0;
		};
		F411ABEE2AE818E7001AC08B /* Resources */ = {
			isa = PBXResourcesBuildPhase;
			buildActionMask = 2147483647;
			files = (
				F432231B2AF2A3FC00CA7B2D /* GoogleService-Info.plist in Resources */,
			);
			runOnlyForDeploymentPostprocessing = 0;
		};
/* End PBXResourcesBuildPhase section */

/* Begin PBXSourcesBuildPhase section */
		F411ABD22AE818E6001AC08B /* Sources */ = {
			isa = PBXSourcesBuildPhase;
			buildActionMask = 2147483647;
			files = (
				F411ABDC2AE818E6001AC08B /* ContentView.swift in Sources */,
				F411ABDA2AE818E6001AC08B /* WorkingWithGlennApp.swift in Sources */,
				F4810F782AEABF5A00E5EBF6 /* ViewModel.swift in Sources */,
				F411AC3D2AE82278001AC08B /* FoodRating.swift in Sources */,
			);
			runOnlyForDeploymentPostprocessing = 0;
		};
		F411ABE22AE818E7001AC08B /* Sources */ = {
			isa = PBXSourcesBuildPhase;
			buildActionMask = 2147483647;
			files = (
				F411ABEB2AE818E7001AC08B /* WorkingWithGlennTests.swift in Sources */,
			);
			runOnlyForDeploymentPostprocessing = 0;
		};
		F411ABEC2AE818E7001AC08B /* Sources */ = {
			isa = PBXSourcesBuildPhase;
			buildActionMask = 2147483647;
			files = (
				F411ABF52AE818E7001AC08B /* WorkingWithGlennUITests.swift in Sources */,
				F411ABF72AE818E7001AC08B /* WorkingWithGlennUITestsLaunchTests.swift in Sources */,
			);
			runOnlyForDeploymentPostprocessing = 0;
		};
/* End PBXSourcesBuildPhase section */

/* Begin PBXTargetDependency section */
		F411ABE82AE818E7001AC08B /* PBXTargetDependency */ = {
			isa = PBXTargetDependency;
			target = F411ABD52AE818E6001AC08B /* WorkingWithGlenn */;
			targetProxy = F411ABE72AE818E7001AC08B /* PBXContainerItemProxy */;
		};
		F411ABF22AE818E7001AC08B /* PBXTargetDependency */ = {
			isa = PBXTargetDependency;
			target = F411ABD52AE818E6001AC08B /* WorkingWithGlenn */;
			targetProxy = F411ABF12AE818E7001AC08B /* PBXContainerItemProxy */;
		};
/* End PBXTargetDependency section */

/* Begin XCBuildConfiguration section */
		F411ABF82AE818E7001AC08B /* Debug */ = {
			isa = XCBuildConfiguration;
			buildSettings = {
				ALWAYS_SEARCH_USER_PATHS = NO;
				CLANG_ANALYZER_NONNULL = YES;
				CLANG_ANALYZER_NUMBER_OBJECT_CONVERSION = YES_AGGRESSIVE;
				CLANG_CXX_LANGUAGE_STANDARD = "gnu++20";
				CLANG_ENABLE_MODULES = YES;
				CLANG_ENABLE_OBJC_ARC = YES;
				CLANG_ENABLE_OBJC_WEAK = YES;
				CLANG_WARN_BLOCK_CAPTURE_AUTORELEASING = YES;
				CLANG_WARN_BOOL_CONVERSION = YES;
				CLANG_WARN_COMMA = YES;
				CLANG_WARN_CONSTANT_CONVERSION = YES;
				CLANG_WARN_DEPRECATED_OBJC_IMPLEMENTATIONS = YES;
				CLANG_WARN_DIRECT_OBJC_ISA_USAGE = YES_ERROR;
				CLANG_WARN_DOCUMENTATION_COMMENTS = YES;
				CLANG_WARN_EMPTY_BODY = YES;
				CLANG_WARN_ENUM_CONVERSION = YES;
				CLANG_WARN_INFINITE_RECURSION = YES;
				CLANG_WARN_INT_CONVERSION = YES;
				CLANG_WARN_NON_LITERAL_NULL_CONVERSION = YES;
				CLANG_WARN_OBJC_IMPLICIT_RETAIN_SELF = YES;
				CLANG_WARN_OBJC_LITERAL_CONVERSION = YES;
				CLANG_WARN_OBJC_ROOT_CLASS = YES_ERROR;
				CLANG_WARN_QUOTED_INCLUDE_IN_FRAMEWORK_HEADER = YES;
				CLANG_WARN_RANGE_LOOP_ANALYSIS = YES;
				CLANG_WARN_STRICT_PROTOTYPES = YES;
				CLANG_WARN_SUSPICIOUS_MOVE = YES;
				CLANG_WARN_UNGUARDED_AVAILABILITY = YES_AGGRESSIVE;
				CLANG_WARN_UNREACHABLE_CODE = YES;
				CLANG_WARN__DUPLICATE_METHOD_MATCH = YES;
				COPY_PHASE_STRIP = NO;
				DEBUG_INFORMATION_FORMAT = dwarf;
				ENABLE_STRICT_OBJC_MSGSEND = YES;
				ENABLE_TESTABILITY = YES;
				GCC_C_LANGUAGE_STANDARD = gnu11;
				GCC_DYNAMIC_NO_PIC = NO;
				GCC_NO_COMMON_BLOCKS = YES;
				GCC_OPTIMIZATION_LEVEL = 0;
				GCC_PREPROCESSOR_DEFINITIONS = (
					"DEBUG=1",
					"$(inherited)",
				);
				GCC_WARN_64_TO_32_BIT_CONVERSION = YES;
				GCC_WARN_ABOUT_RETURN_TYPE = YES_ERROR;
				GCC_WARN_UNDECLARED_SELECTOR = YES;
				GCC_WARN_UNINITIALIZED_AUTOS = YES_AGGRESSIVE;
				GCC_WARN_UNUSED_FUNCTION = YES;
				GCC_WARN_UNUSED_VARIABLE = YES;
				IPHONEOS_DEPLOYMENT_TARGET = 16.4;
				MTL_ENABLE_DEBUG_INFO = INCLUDE_SOURCE;
				MTL_FAST_MATH = YES;
				ONLY_ACTIVE_ARCH = YES;
				SDKROOT = iphoneos;
				SWIFT_ACTIVE_COMPILATION_CONDITIONS = DEBUG;
				SWIFT_OPTIMIZATION_LEVEL = "-Onone";
			};
			name = Debug;
		};
		F411ABF92AE818E7001AC08B /* Release */ = {
			isa = XCBuildConfiguration;
			buildSettings = {
				ALWAYS_SEARCH_USER_PATHS = NO;
				CLANG_ANALYZER_NONNULL = YES;
				CLANG_ANALYZER_NUMBER_OBJECT_CONVERSION = YES_AGGRESSIVE;
				CLANG_CXX_LANGUAGE_STANDARD = "gnu++20";
				CLANG_ENABLE_MODULES = YES;
				CLANG_ENABLE_OBJC_ARC = YES;
				CLANG_ENABLE_OBJC_WEAK = YES;
				CLANG_WARN_BLOCK_CAPTURE_AUTORELEASING = YES;
				CLANG_WARN_BOOL_CONVERSION = YES;
				CLANG_WARN_COMMA = YES;
				CLANG_WARN_CONSTANT_CONVERSION = YES;
				CLANG_WARN_DEPRECATED_OBJC_IMPLEMENTATIONS = YES;
				CLANG_WARN_DIRECT_OBJC_ISA_USAGE = YES_ERROR;
				CLANG_WARN_DOCUMENTATION_COMMENTS = YES;
				CLANG_WARN_EMPTY_BODY = YES;
				CLANG_WARN_ENUM_CONVERSION = YES;
				CLANG_WARN_INFINITE_RECURSION = YES;
				CLANG_WARN_INT_CONVERSION = YES;
				CLANG_WARN_NON_LITERAL_NULL_CONVERSION = YES;
				CLANG_WARN_OBJC_IMPLICIT_RETAIN_SELF = YES;
				CLANG_WARN_OBJC_LITERAL_CONVERSION = YES;
				CLANG_WARN_OBJC_ROOT_CLASS = YES_ERROR;
				CLANG_WARN_QUOTED_INCLUDE_IN_FRAMEWORK_HEADER = YES;
				CLANG_WARN_RANGE_LOOP_ANALYSIS = YES;
				CLANG_WARN_STRICT_PROTOTYPES = YES;
				CLANG_WARN_SUSPICIOUS_MOVE = YES;
				CLANG_WARN_UNGUARDED_AVAILABILITY = YES_AGGRESSIVE;
				CLANG_WARN_UNREACHABLE_CODE = YES;
				CLANG_WARN__DUPLICATE_METHOD_MATCH = YES;
				COPY_PHASE_STRIP = NO;
				DEBUG_INFORMATION_FORMAT = "dwarf-with-dsym";
				ENABLE_NS_ASSERTIONS = NO;
				ENABLE_STRICT_OBJC_MSGSEND = YES;
				GCC_C_LANGUAGE_STANDARD = gnu11;
				GCC_NO_COMMON_BLOCKS = YES;
				GCC_WARN_64_TO_32_BIT_CONVERSION = YES;
				GCC_WARN_ABOUT_RETURN_TYPE = YES_ERROR;
				GCC_WARN_UNDECLARED_SELECTOR = YES;
				GCC_WARN_UNINITIALIZED_AUTOS = YES_AGGRESSIVE;
				GCC_WARN_UNUSED_FUNCTION = YES;
				GCC_WARN_UNUSED_VARIABLE = YES;
				IPHONEOS_DEPLOYMENT_TARGET = 16.4;
				MTL_ENABLE_DEBUG_INFO = NO;
				MTL_FAST_MATH = YES;
				SDKROOT = iphoneos;
				SWIFT_COMPILATION_MODE = wholemodule;
				SWIFT_OPTIMIZATION_LEVEL = "-O";
				VALIDATE_PRODUCT = YES;
			};
			name = Release;
		};
		F411ABFB2AE818E8001AC08B /* Debug */ = {
			isa = XCBuildConfiguration;
			buildSettings = {
				ASSETCATALOG_COMPILER_APPICON_NAME = AppIcon;
				ASSETCATALOG_COMPILER_GLOBAL_ACCENT_COLOR_NAME = AccentColor;
				CODE_SIGN_STYLE = Automatic;
				CURRENT_PROJECT_VERSION = 1;
				DEVELOPMENT_ASSET_PATHS = "\"WorkingWithGlenn/Preview Content\"";
				ENABLE_PREVIEWS = YES;
				GENERATE_INFOPLIST_FILE = YES;
				INFOPLIST_KEY_UIApplicationSceneManifest_Generation = YES;
				INFOPLIST_KEY_UIApplicationSupportsIndirectInputEvents = YES;
				INFOPLIST_KEY_UILaunchScreen_Generation = YES;
				INFOPLIST_KEY_UISupportedInterfaceOrientations_iPad = "UIInterfaceOrientationPortrait UIInterfaceOrientationPortraitUpsideDown UIInterfaceOrientationLandscapeLeft UIInterfaceOrientationLandscapeRight";
				INFOPLIST_KEY_UISupportedInterfaceOrientations_iPhone = "UIInterfaceOrientationPortrait UIInterfaceOrientationLandscapeLeft UIInterfaceOrientationLandscapeRight";
				LD_RUNPATH_SEARCH_PATHS = (
					"$(inherited)",
					"@executable_path/Frameworks",
				);
				MARKETING_VERSION = 1.0;
				PRODUCT_BUNDLE_IDENTIFIER = com.phs.WorkingWithGlenn;
				PRODUCT_NAME = "$(TARGET_NAME)";
				SWIFT_EMIT_LOC_STRINGS = YES;
				SWIFT_VERSION = 5.0;
				TARGETED_DEVICE_FAMILY = "1,2";
			};
			name = Debug;
		};
		F411ABFC2AE818E8001AC08B /* Release */ = {
			isa = XCBuildConfiguration;
			buildSettings = {
				ASSETCATALOG_COMPILER_APPICON_NAME = AppIcon;
				ASSETCATALOG_COMPILER_GLOBAL_ACCENT_COLOR_NAME = AccentColor;
				CODE_SIGN_STYLE = Automatic;
				CURRENT_PROJECT_VERSION = 1;
				DEVELOPMENT_ASSET_PATHS = "\"WorkingWithGlenn/Preview Content\"";
				ENABLE_PREVIEWS = YES;
				GENERATE_INFOPLIST_FILE = YES;
				INFOPLIST_KEY_UIApplicationSceneManifest_Generation = YES;
				INFOPLIST_KEY_UIApplicationSupportsIndirectInputEvents = YES;
				INFOPLIST_KEY_UILaunchScreen_Generation = YES;
				INFOPLIST_KEY_UISupportedInterfaceOrientations_iPad = "UIInterfaceOrientationPortrait UIInterfaceOrientationPortraitUpsideDown UIInterfaceOrientationLandscapeLeft UIInterfaceOrientationLandscapeRight";
				INFOPLIST_KEY_UISupportedInterfaceOrientations_iPhone = "UIInterfaceOrientationPortrait UIInterfaceOrientationLandscapeLeft UIInterfaceOrientationLandscapeRight";
				LD_RUNPATH_SEARCH_PATHS = (
					"$(inherited)",
					"@executable_path/Frameworks",
				);
				MARKETING_VERSION = 1.0;
				PRODUCT_BUNDLE_IDENTIFIER = com.phs.WorkingWithGlenn;
				PRODUCT_NAME = "$(TARGET_NAME)";
				SWIFT_EMIT_LOC_STRINGS = YES;
				SWIFT_VERSION = 5.0;
				TARGETED_DEVICE_FAMILY = "1,2";
			};
			name = Release;
		};
		F411ABFE2AE818E8001AC08B /* Debug */ = {
			isa = XCBuildConfiguration;
			buildSettings = {
				ALWAYS_EMBED_SWIFT_STANDARD_LIBRARIES = YES;
				BUNDLE_LOADER = "$(TEST_HOST)";
				CODE_SIGN_STYLE = Automatic;
				CURRENT_PROJECT_VERSION = 1;
				GENERATE_INFOPLIST_FILE = YES;
				IPHONEOS_DEPLOYMENT_TARGET = 16.4;
				MARKETING_VERSION = 1.0;
				PRODUCT_BUNDLE_IDENTIFIER = com.phs.WorkingWithGlennTests;
				PRODUCT_NAME = "$(TARGET_NAME)";
				SWIFT_EMIT_LOC_STRINGS = NO;
				SWIFT_VERSION = 5.0;
				TARGETED_DEVICE_FAMILY = "1,2";
				TEST_HOST = "$(BUILT_PRODUCTS_DIR)/WorkingWithGlenn.app/$(BUNDLE_EXECUTABLE_FOLDER_PATH)/WorkingWithGlenn";
			};
			name = Debug;
		};
		F411ABFF2AE818E8001AC08B /* Release */ = {
			isa = XCBuildConfiguration;
			buildSettings = {
				ALWAYS_EMBED_SWIFT_STANDARD_LIBRARIES = YES;
				BUNDLE_LOADER = "$(TEST_HOST)";
				CODE_SIGN_STYLE = Automatic;
				CURRENT_PROJECT_VERSION = 1;
				GENERATE_INFOPLIST_FILE = YES;
				IPHONEOS_DEPLOYMENT_TARGET = 16.4;
				MARKETING_VERSION = 1.0;
				PRODUCT_BUNDLE_IDENTIFIER = com.phs.WorkingWithGlennTests;
				PRODUCT_NAME = "$(TARGET_NAME)";
				SWIFT_EMIT_LOC_STRINGS = NO;
				SWIFT_VERSION = 5.0;
				TARGETED_DEVICE_FAMILY = "1,2";
				TEST_HOST = "$(BUILT_PRODUCTS_DIR)/WorkingWithGlenn.app/$(BUNDLE_EXECUTABLE_FOLDER_PATH)/WorkingWithGlenn";
			};
			name = Release;
		};
		F411AC012AE818E8001AC08B /* Debug */ = {
			isa = XCBuildConfiguration;
			buildSettings = {
				ALWAYS_EMBED_SWIFT_STANDARD_LIBRARIES = YES;
				CODE_SIGN_STYLE = Automatic;
				CURRENT_PROJECT_VERSION = 1;
				GENERATE_INFOPLIST_FILE = YES;
				MARKETING_VERSION = 1.0;
				PRODUCT_BUNDLE_IDENTIFIER = com.phs.WorkingWithGlennUITests;
				PRODUCT_NAME = "$(TARGET_NAME)";
				SWIFT_EMIT_LOC_STRINGS = NO;
				SWIFT_VERSION = 5.0;
				TARGETED_DEVICE_FAMILY = "1,2";
				TEST_TARGET_NAME = WorkingWithGlenn;
			};
			name = Debug;
		};
		F411AC022AE818E8001AC08B /* Release */ = {
			isa = XCBuildConfiguration;
			buildSettings = {
				ALWAYS_EMBED_SWIFT_STANDARD_LIBRARIES = YES;
				CODE_SIGN_STYLE = Automatic;
				CURRENT_PROJECT_VERSION = 1;
				GENERATE_INFOPLIST_FILE = YES;
				MARKETING_VERSION = 1.0;
				PRODUCT_BUNDLE_IDENTIFIER = com.phs.WorkingWithGlennUITests;
				PRODUCT_NAME = "$(TARGET_NAME)";
				SWIFT_EMIT_LOC_STRINGS = NO;
				SWIFT_VERSION = 5.0;
				TARGETED_DEVICE_FAMILY = "1,2";
				TEST_TARGET_NAME = WorkingWithGlenn;
			};
			name = Release;
		};
/* End XCBuildConfiguration section */

/* Begin XCConfigurationList section */
		F411ABD12AE818E6001AC08B /* Build configuration list for PBXProject "WorkingWithGlenn" */ = {
			isa = XCConfigurationList;
			buildConfigurations = (
				F411ABF82AE818E7001AC08B /* Debug */,
				F411ABF92AE818E7001AC08B /* Release */,
			);
			defaultConfigurationIsVisible = 0;
			defaultConfigurationName = Release;
		};
		F411ABFA2AE818E8001AC08B /* Build configuration list for PBXNativeTarget "WorkingWithGlenn" */ = {
			isa = XCConfigurationList;
			buildConfigurations = (
				F411ABFB2AE818E8001AC08B /* Debug */,
				F411ABFC2AE818E8001AC08B /* Release */,
			);
			defaultConfigurationIsVisible = 0;
			defaultConfigurationName = Release;
		};
		F411ABFD2AE818E8001AC08B /* Build configuration list for PBXNativeTarget "WorkingWithGlennTests" */ = {
			isa = XCConfigurationList;
			buildConfigurations = (
				F411ABFE2AE818E8001AC08B /* Debug */,
				F411ABFF2AE818E8001AC08B /* Release */,
			);
			defaultConfigurationIsVisible = 0;
			defaultConfigurationName = Release;
		};
		F411AC002AE818E8001AC08B /* Build configuration list for PBXNativeTarget "WorkingWithGlennUITests" */ = {
			isa = XCConfigurationList;
			buildConfigurations = (
				F411AC012AE818E8001AC08B /* Debug */,
				F411AC022AE818E8001AC08B /* Release */,
			);
			defaultConfigurationIsVisible = 0;
			defaultConfigurationName = Release;
		};
/* End XCConfigurationList section */

/* Begin XCRemoteSwiftPackageReference section */
		F411AC052AE81FF5001AC08B /* XCRemoteSwiftPackageReference "firebase-ios-sdk" */ = {
			isa = XCRemoteSwiftPackageReference;
			repositoryURL = "https://github.com/firebase/firebase-ios-sdk";
			requirement = {
				kind = upToNextMajorVersion;
				minimumVersion = 10.0.0;
			};
		};
/* End XCRemoteSwiftPackageReference section */

/* Begin XCSwiftPackageProductDependency section */
		F411AC062AE81FF5001AC08B /* FirebaseAnalytics */ = {
			isa = XCSwiftPackageProductDependency;
			package = F411AC052AE81FF5001AC08B /* XCRemoteSwiftPackageReference "firebase-ios-sdk" */;
			productName = FirebaseAnalytics;
		};
		F411AC082AE81FF5001AC08B /* FirebaseAnalyticsOnDeviceConversion */ = {
			isa = XCSwiftPackageProductDependency;
			package = F411AC052AE81FF5001AC08B /* XCRemoteSwiftPackageReference "firebase-ios-sdk" */;
			productName = FirebaseAnalyticsOnDeviceConversion;
		};
		F411AC0A2AE81FF5001AC08B /* FirebaseAnalyticsSwift */ = {
			isa = XCSwiftPackageProductDependency;
			package = F411AC052AE81FF5001AC08B /* XCRemoteSwiftPackageReference "firebase-ios-sdk" */;
			productName = FirebaseAnalyticsSwift;
		};
		F411AC0C2AE81FF5001AC08B /* FirebaseAnalyticsWithoutAdIdSupport */ = {
			isa = XCSwiftPackageProductDependency;
			package = F411AC052AE81FF5001AC08B /* XCRemoteSwiftPackageReference "firebase-ios-sdk" */;
			productName = FirebaseAnalyticsWithoutAdIdSupport;
		};
		F411AC0E2AE81FF5001AC08B /* FirebaseAppCheck */ = {
			isa = XCSwiftPackageProductDependency;
			package = F411AC052AE81FF5001AC08B /* XCRemoteSwiftPackageReference "firebase-ios-sdk" */;
			productName = FirebaseAppCheck;
		};
		F411AC102AE81FF5001AC08B /* FirebaseAppDistribution-Beta */ = {
			isa = XCSwiftPackageProductDependency;
			package = F411AC052AE81FF5001AC08B /* XCRemoteSwiftPackageReference "firebase-ios-sdk" */;
			productName = "FirebaseAppDistribution-Beta";
		};
		F411AC122AE81FF5001AC08B /* FirebaseAuth */ = {
			isa = XCSwiftPackageProductDependency;
			package = F411AC052AE81FF5001AC08B /* XCRemoteSwiftPackageReference "firebase-ios-sdk" */;
			productName = FirebaseAuth;
		};
		F411AC142AE81FF5001AC08B /* FirebaseAuthCombine-Community */ = {
			isa = XCSwiftPackageProductDependency;
			package = F411AC052AE81FF5001AC08B /* XCRemoteSwiftPackageReference "firebase-ios-sdk" */;
			productName = "FirebaseAuthCombine-Community";
		};
		F411AC162AE81FF5001AC08B /* FirebaseCrashlytics */ = {
			isa = XCSwiftPackageProductDependency;
			package = F411AC052AE81FF5001AC08B /* XCRemoteSwiftPackageReference "firebase-ios-sdk" */;
			productName = FirebaseCrashlytics;
		};
		F411AC182AE81FF5001AC08B /* FirebaseDatabase */ = {
			isa = XCSwiftPackageProductDependency;
			package = F411AC052AE81FF5001AC08B /* XCRemoteSwiftPackageReference "firebase-ios-sdk" */;
			productName = FirebaseDatabase;
		};
		F411AC1A2AE81FF5001AC08B /* FirebaseDatabaseSwift */ = {
			isa = XCSwiftPackageProductDependency;
			package = F411AC052AE81FF5001AC08B /* XCRemoteSwiftPackageReference "firebase-ios-sdk" */;
			productName = FirebaseDatabaseSwift;
		};
		F411AC1C2AE81FF5001AC08B /* FirebaseDynamicLinks */ = {
			isa = XCSwiftPackageProductDependency;
			package = F411AC052AE81FF5001AC08B /* XCRemoteSwiftPackageReference "firebase-ios-sdk" */;
			productName = FirebaseDynamicLinks;
		};
		F411AC1E2AE81FF5001AC08B /* FirebaseFirestore */ = {
			isa = XCSwiftPackageProductDependency;
			package = F411AC052AE81FF5001AC08B /* XCRemoteSwiftPackageReference "firebase-ios-sdk" */;
			productName = FirebaseFirestore;
		};
		F411AC202AE81FF5001AC08B /* FirebaseFirestoreCombine-Community */ = {
			isa = XCSwiftPackageProductDependency;
			package = F411AC052AE81FF5001AC08B /* XCRemoteSwiftPackageReference "firebase-ios-sdk" */;
			productName = "FirebaseFirestoreCombine-Community";
		};
		F411AC222AE81FF5001AC08B /* FirebaseFirestoreSwift */ = {
			isa = XCSwiftPackageProductDependency;
			package = F411AC052AE81FF5001AC08B /* XCRemoteSwiftPackageReference "firebase-ios-sdk" */;
			productName = FirebaseFirestoreSwift;
		};
		F411AC242AE81FF5001AC08B /* FirebaseFunctions */ = {
			isa = XCSwiftPackageProductDependency;
			package = F411AC052AE81FF5001AC08B /* XCRemoteSwiftPackageReference "firebase-ios-sdk" */;
			productName = FirebaseFunctions;
		};
		F411AC262AE81FF5001AC08B /* FirebaseFunctionsCombine-Community */ = {
			isa = XCSwiftPackageProductDependency;
			package = F411AC052AE81FF5001AC08B /* XCRemoteSwiftPackageReference "firebase-ios-sdk" */;
			productName = "FirebaseFunctionsCombine-Community";
		};
		F411AC282AE81FF5001AC08B /* FirebaseInAppMessaging-Beta */ = {
			isa = XCSwiftPackageProductDependency;
			package = F411AC052AE81FF5001AC08B /* XCRemoteSwiftPackageReference "firebase-ios-sdk" */;
			productName = "FirebaseInAppMessaging-Beta";
		};
		F411AC2A2AE81FF5001AC08B /* FirebaseInAppMessagingSwift-Beta */ = {
			isa = XCSwiftPackageProductDependency;
			package = F411AC052AE81FF5001AC08B /* XCRemoteSwiftPackageReference "firebase-ios-sdk" */;
			productName = "FirebaseInAppMessagingSwift-Beta";
		};
		F411AC2C2AE81FF5001AC08B /* FirebaseInstallations */ = {
			isa = XCSwiftPackageProductDependency;
			package = F411AC052AE81FF5001AC08B /* XCRemoteSwiftPackageReference "firebase-ios-sdk" */;
			productName = FirebaseInstallations;
		};
		F411AC2E2AE81FF5001AC08B /* FirebaseMLModelDownloader */ = {
			isa = XCSwiftPackageProductDependency;
			package = F411AC052AE81FF5001AC08B /* XCRemoteSwiftPackageReference "firebase-ios-sdk" */;
			productName = FirebaseMLModelDownloader;
		};
		F411AC302AE81FF5001AC08B /* FirebaseMessaging */ = {
			isa = XCSwiftPackageProductDependency;
			package = F411AC052AE81FF5001AC08B /* XCRemoteSwiftPackageReference "firebase-ios-sdk" */;
			productName = FirebaseMessaging;
		};
		F411AC322AE81FF5001AC08B /* FirebasePerformance */ = {
			isa = XCSwiftPackageProductDependency;
			package = F411AC052AE81FF5001AC08B /* XCRemoteSwiftPackageReference "firebase-ios-sdk" */;
			productName = FirebasePerformance;
		};
		F411AC342AE81FF5001AC08B /* FirebaseRemoteConfig */ = {
			isa = XCSwiftPackageProductDependency;
			package = F411AC052AE81FF5001AC08B /* XCRemoteSwiftPackageReference "firebase-ios-sdk" */;
			productName = FirebaseRemoteConfig;
		};
		F411AC362AE81FF5001AC08B /* FirebaseRemoteConfigSwift */ = {
			isa = XCSwiftPackageProductDependency;
			package = F411AC052AE81FF5001AC08B /* XCRemoteSwiftPackageReference "firebase-ios-sdk" */;
			productName = FirebaseRemoteConfigSwift;
		};
		F411AC382AE81FF5001AC08B /* FirebaseStorage */ = {
			isa = XCSwiftPackageProductDependency;
			package = F411AC052AE81FF5001AC08B /* XCRemoteSwiftPackageReference "firebase-ios-sdk" */;
			productName = FirebaseStorage;
		};
		F411AC3A2AE81FF5001AC08B /* FirebaseStorageCombine-Community */ = {
			isa = XCSwiftPackageProductDependency;
			package = F411AC052AE81FF5001AC08B /* XCRemoteSwiftPackageReference "firebase-ios-sdk" */;
			productName = "FirebaseStorageCombine-Community";
		};
/* End XCSwiftPackageProductDependency section */
	};
	rootObject = F411ABCE2AE818E6001AC08B /* Project object */;
}
